
Microsoft Visual Studio Solution File, Format Version 12.00
# Visual Studio Version 17
VisualStudioVersion = 17.2.32516.85
MinimumVisualStudioVersion = 10.0.40219.1
Project("{9A19103F-16F7-4668-BE54-9A1E7A4F7556}") = "DockerInfnetDevopsSample", "DockerInfnetDevopsSample\DockerInfnetDevopsSample.csproj", "{8B605F52-71F6-40A6-9976-7CD3376C2C39}"
EndProject
Project("{FAE04EC0-301F-11D3-BF4B-00C04F79EFBC}") = "TestAPI", "TestAPI\TestAPI.csproj", "{B50D3EC6-7A68-4859-9104-3ACE8CD1E453}"
EndProject
Global
	GlobalSection(SolutionConfigurationPlatforms) = preSolution
		Debug|Any CPU = Debug|Any CPU
		Release|Any CPU = Release|Any CPU
	EndGlobalSection
	GlobalSection(ProjectConfigurationPlatforms) = postSolution
		{8B605F52-71F6-40A6-9976-7CD3376C2C39}.Debug|Any CPU.ActiveCfg = Debug|Any CPU
		{8B605F52-71F6-40A6-9976-7CD3376C2C39}.Debug|Any CPU.Build.0 = Debug|Any CPU
		{8B605F52-71F6-40A6-9976-7CD3376C2C39}.Release|Any CPU.ActiveCfg = Release|Any CPU
		{8B605F52-71F6-40A6-9976-7CD3376C2C39}.Release|Any CPU.Build.0 = Release|Any CPU
		{B50D3EC6-7A68-4859-9104-3ACE8CD1E453}.Debug|Any CPU.ActiveCfg = Debug|Any CPU
		{B50D3EC6-7A68-4859-9104-3ACE8CD1E453}.Debug|Any CPU.Build.0 = Debug|Any CPU
		{B50D3EC6-7A68-4859-9104-3ACE8CD1E453}.Release|Any CPU.ActiveCfg = Release|Any CPU
		{B50D3EC6-7A68-4859-9104-3ACE8CD1E453}.Release|Any CPU.Build.0 = Release|Any CPU
	EndGlobalSection
	GlobalSection(SolutionProperties) = preSolution
		HideSolutionNode = FALSE
	EndGlobalSection
	GlobalSection(ExtensibilityGlobals) = postSolution
		SolutionGuid = {65E2D663-50E5-46AC-A4F6-351507E079F8}
	EndGlobalSection
EndGlobal
